
Microsoft Visual Studio Solution File, Format Version 12.00
# Visual Studio Version 16
VisualStudioVersion = 16.0.31112.23
MinimumVisualStudioVersion = 10.0.40219.1
Project("{FAE04EC0-301F-11D3-BF4B-00C04F79EFBC}") = "GitHub", "GitHub\GitHub.csproj", "{3919B550-FC4D-4305-92DC-07B6903AC1B2}"
EndProject
Global
	GlobalSection(SolutionConfigurationPlatforms) = preSolution
		Debug|Any CPU = Debug|Any CPU
		Release|Any CPU = Release|Any CPU
	EndGlobalSection
	GlobalSection(ProjectConfigurationPlatforms) = postSolution
		{3919B550-FC4D-4305-92DC-07B6903AC1B2}.Debug|Any CPU.ActiveCfg = Debug|Any CPU
		{3919B550-FC4D-4305-92DC-07B6903AC1B2}.Debug|Any CPU.Build.0 = Debug|Any CPU
		{3919B550-FC4D-4305-92DC-07B6903AC1B2}.Release|Any CPU.ActiveCfg = Release|Any CPU
		{3919B550-FC4D-4305-92DC-07B6903AC1B2}.Release|Any CPU.Build.0 = Release|Any CPU
	EndGlobalSection
	GlobalSection(SolutionProperties) = preSolution
		HideSolutionNode = FALSE
	EndGlobalSection
	GlobalSection(ExtensibilityGlobals) = postSolution
		SolutionGuid = {D4C02541-B8B7-4145-A025-1210BCCB9C6F}
	EndGlobalSection
EndGlobal
